
Microsoft Visual Studio Solution File, Format Version 12.00
# Visual Studio Version 17
VisualStudioVersion = 17.0.31903.59
MinimumVisualStudioVersion = 10.0.40219.1
Project("{2150E333-8FDC-42A3-9474-1A3956D46DE8}") = "src", "src", "{827E0CD3-B72D-47B6-A68D-7590B98EB39B}"
EndProject
Project("{FAE04EC0-301F-11D3-BF4B-00C04F79EFBC}") = "AgentCore.Domain", "src\AgentCore.Domain\AgentCore.Domain.csproj", "{D9A8659D-CD3F-4E90-B3FF-3CCAA8CDB1D7}"
EndProject
Project("{FAE04EC0-301F-11D3-BF4B-00C04F79EFBC}") = "AgentCore.Application", "src\AgentCore.Application\AgentCore.Application.csproj", "{ED0D9B05-915E-467E-A035-06F02DC00B49}"
EndProject
Project("{FAE04EC0-301F-11D3-BF4B-00C04F79EFBC}") = "AgentCore.Contracts", "src\AgentCore.Contracts\AgentCore.Contracts.csproj", "{F144635E-19A9-4AB6-9194-F1723B0B319E}"
EndProject
Project("{FAE04EC0-301F-11D3-BF4B-00C04F79EFBC}") = "AgentCore.Infrastructure", "src\AgentCore.Infrastructure\AgentCore.Infrastructure.csproj", "{4DF95C42-A19E-40D7-828C-B174B5F56537}"
EndProject
Project("{FAE04EC0-301F-11D3-BF4B-00C04F79EFBC}") = "AgentCore.Api", "src\AgentCore.Api\AgentCore.Api.csproj", "{E359262C-2476-47AD-A962-6E94AF8E8F69}"
EndProject
Project("{2150E333-8FDC-42A3-9474-1A3956D46DE8}") = "tests", "tests", "{0AB3BF05-4346-4AA6-1389-037BE0695223}"
EndProject
Project("{FAE04EC0-301F-11D3-BF4B-00C04F79EFBC}") = "AgentCore.Domain.Tests", "tests\AgentCore.Domain.Tests\AgentCore.Domain.Tests.csproj", "{D607D98E-68ED-4ABE-AD6E-38FC4B840D67}"
EndProject
Project("{FAE04EC0-301F-11D3-BF4B-00C04F79EFBC}") = "AgentCore.Application.Tests", "tests\AgentCore.Application.Tests\AgentCore.Application.Tests.csproj", "{0EA7FCB9-D701-412F-AB24-8AF9527BC36F}"
EndProject
Project("{FAE04EC0-301F-11D3-BF4B-00C04F79EFBC}") = "AgentCore.Infrastructure.Tests", "tests\AgentCore.Infrastructure.Tests\AgentCore.Infrastructure.Tests.csproj", "{0F9188FA-EC30-43D2-B076-D3B284A13B32}"
EndProject
Project("{FAE04EC0-301F-11D3-BF4B-00C04F79EFBC}") = "AgentCore.Api.Tests", "tests\AgentCore.Api.Tests\AgentCore.Api.Tests.csproj", "{0D0C24A4-B159-4B09-9687-A3AEA5953B3D}"
EndProject
Global
	GlobalSection(SolutionConfigurationPlatforms) = preSolution
		Debug|Any CPU = Debug|Any CPU
		Debug|x64 = Debug|x64
		Debug|x86 = Debug|x86
		Release|Any CPU = Release|Any CPU
		Release|x64 = Release|x64
		Release|x86 = Release|x86
	EndGlobalSection
	GlobalSection(ProjectConfigurationPlatforms) = postSolution
		{D9A8659D-CD3F-4E90-B3FF-3CCAA8CDB1D7}.Debug|Any CPU.ActiveCfg = Debug|Any CPU
		{D9A8659D-CD3F-4E90-B3FF-3CCAA8CDB1D7}.Debug|Any CPU.Build.0 = Debug|Any CPU
		{D9A8659D-CD3F-4E90-B3FF-3CCAA8CDB1D7}.Debug|x64.ActiveCfg = Debug|Any CPU
		{D9A8659D-CD3F-4E90-B3FF-3CCAA8CDB1D7}.Debug|x64.Build.0 = Debug|Any CPU
		{D9A8659D-CD3F-4E90-B3FF-3CCAA8CDB1D7}.Debug|x86.ActiveCfg = Debug|Any CPU
		{D9A8659D-CD3F-4E90-B3FF-3CCAA8CDB1D7}.Debug|x86.Build.0 = Debug|Any CPU
		{D9A8659D-CD3F-4E90-B3FF-3CCAA8CDB1D7}.Release|Any CPU.ActiveCfg = Release|Any CPU
		{D9A8659D-CD3F-4E90-B3FF-3CCAA8CDB1D7}.Release|Any CPU.Build.0 = Release|Any CPU
		{D9A8659D-CD3F-4E90-B3FF-3CCAA8CDB1D7}.Release|x64.ActiveCfg = Release|Any CPU
		{D9A8659D-CD3F-4E90-B3FF-3CCAA8CDB1D7}.Release|x64.Build.0 = Release|Any CPU
		{D9A8659D-CD3F-4E90-B3FF-3CCAA8CDB1D7}.Release|x86.ActiveCfg = Release|Any CPU
		{D9A8659D-CD3F-4E90-B3FF-3CCAA8CDB1D7}.Release|x86.Build.0 = Release|Any CPU
		{ED0D9B05-915E-467E-A035-06F02DC00B49}.Debug|Any CPU.ActiveCfg = Debug|Any CPU
		{ED0D9B05-915E-467E-A035-06F02DC00B49}.Debug|Any CPU.Build.0 = Debug|Any CPU
		{ED0D9B05-915E-467E-A035-06F02DC00B49}.Debug|x64.ActiveCfg = Debug|Any CPU
		{ED0D9B05-915E-467E-A035-06F02DC00B49}.Debug|x64.Build.0 = Debug|Any CPU
		{ED0D9B05-915E-467E-A035-06F02DC00B49}.Debug|x86.ActiveCfg = Debug|Any CPU
		{ED0D9B05-915E-467E-A035-06F02DC00B49}.Debug|x86.Build.0 = Debug|Any CPU
		{ED0D9B05-915E-467E-A035-06F02DC00B49}.Release|Any CPU.ActiveCfg = Release|Any CPU
		{ED0D9B05-915E-467E-A035-06F02DC00B49}.Release|Any CPU.Build.0 = Release|Any CPU
		{ED0D9B05-915E-467E-A035-06F02DC00B49}.Release|x64.ActiveCfg = Release|Any CPU
		{ED0D9B05-915E-467E-A035-06F02DC00B49}.Release|x64.Build.0 = Release|Any CPU
		{ED0D9B05-915E-467E-A035-06F02DC00B49}.Release|x86.ActiveCfg = Release|Any CPU
		{ED0D9B05-915E-467E-A035-06F02DC00B49}.Release|x86.Build.0 = Release|Any CPU
		{F144635E-19A9-4AB6-9194-F1723B0B319E}.Debug|Any CPU.ActiveCfg = Debug|Any CPU
		{F144635E-19A9-4AB6-9194-F1723B0B319E}.Debug|Any CPU.Build.0 = Debug|Any CPU
		{F144635E-19A9-4AB6-9194-F1723B0B319E}.Debug|x64.ActiveCfg = Debug|Any CPU
		{F144635E-19A9-4AB6-9194-F1723B0B319E}.Debug|x64.Build.0 = Debug|Any CPU
		{F144635E-19A9-4AB6-9194-F1723B0B319E}.Debug|x86.ActiveCfg = Debug|Any CPU
		{F144635E-19A9-4AB6-9194-F1723B0B319E}.Debug|x86.Build.0 = Debug|Any CPU
		{F144635E-19A9-4AB6-9194-F1723B0B319E}.Release|Any CPU.ActiveCfg = Release|Any CPU
		{F144635E-19A9-4AB6-9194-F1723B0B319E}.Release|Any CPU.Build.0 = Release|Any CPU
		{F144635E-19A9-4AB6-9194-F1723B0B319E}.Release|x64.ActiveCfg = Release|Any CPU
		{F144635E-19A9-4AB6-9194-F1723B0B319E}.Release|x64.Build.0 = Release|Any CPU
		{F144635E-19A9-4AB6-9194-F1723B0B319E}.Release|x86.ActiveCfg = Release|Any CPU
		{F144635E-19A9-4AB6-9194-F1723B0B319E}.Release|x86.Build.0 = Release|Any CPU
		{4DF95C42-A19E-40D7-828C-B174B5F56537}.Debug|Any CPU.ActiveCfg = Debug|Any CPU
		{4DF95C42-A19E-40D7-828C-B174B5F56537}.Debug|Any CPU.Build.0 = Debug|Any CPU
		{4DF95C42-A19E-40D7-828C-B174B5F56537}.Debug|x64.ActiveCfg = Debug|Any CPU
		{4DF95C42-A19E-40D7-828C-B174B5F56537}.Debug|x64.Build.0 = Debug|Any CPU
		{4DF95C42-A19E-40D7-828C-B174B5F56537}.Debug|x86.ActiveCfg = Debug|Any CPU
		{4DF95C42-A19E-40D7-828C-B174B5F56537}.Debug|x86.Build.0 = Debug|Any CPU
		{4DF95C42-A19E-40D7-828C-B174B5F56537}.Release|Any CPU.ActiveCfg = Release|Any CPU
		{4DF95C42-A19E-40D7-828C-B174B5F56537}.Release|Any CPU.Build.0 = Release|Any CPU
		{4DF95C42-A19E-40D7-828C-B174B5F56537}.Release|x64.ActiveCfg = Release|Any CPU
		{4DF95C42-A19E-40D7-828C-B174B5F56537}.Release|x64.Build.0 = Release|Any CPU
		{4DF95C42-A19E-40D7-828C-B174B5F56537}.Release|x86.ActiveCfg = Release|Any CPU
		{4DF95C42-A19E-40D7-828C-B174B5F56537}.Release|x86.Build.0 = Release|Any CPU
		{E359262C-2476-47AD-A962-6E94AF8E8F69}.Debug|Any CPU.ActiveCfg = Debug|Any CPU
		{E359262C-2476-47AD-A962-6E94AF8E8F69}.Debug|Any CPU.Build.0 = Debug|Any CPU
		{E359262C-2476-47AD-A962-6E94AF8E8F69}.Debug|x64.ActiveCfg = Debug|Any CPU
		{E359262C-2476-47AD-A962-6E94AF8E8F69}.Debug|x64.Build.0 = Debug|Any CPU
		{E359262C-2476-47AD-A962-6E94AF8E8F69}.Debug|x86.ActiveCfg = Debug|Any CPU
		{E359262C-2476-47AD-A962-6E94AF8E8F69}.Debug|x86.Build.0 = Debug|Any CPU
		{E359262C-2476-47AD-A962-6E94AF8E8F69}.Release|Any CPU.ActiveCfg = Release|Any CPU
		{E359262C-2476-47AD-A962-6E94AF8E8F69}.Release|Any CPU.Build.0 = Release|Any CPU
		{E359262C-2476-47AD-A962-6E94AF8E8F69}.Release|x64.ActiveCfg = Release|Any CPU
		{E359262C-2476-47AD-A962-6E94AF8E8F69}.Release|x64.Build.0 = Release|Any CPU
		{E359262C-2476-47AD-A962-6E94AF8E8F69}.Release|x86.ActiveCfg = Release|Any CPU
		{E359262C-2476-47AD-A962-6E94AF8E8F69}.Release|x86.Build.0 = Release|Any CPU
		{D607D98E-68ED-4ABE-AD6E-38FC4B840D67}.Debug|Any CPU.ActiveCfg = Debug|Any CPU
		{D607D98E-68ED-4ABE-AD6E-38FC4B840D67}.Debug|Any CPU.Build.0 = Debug|Any CPU
		{D607D98E-68ED-4ABE-AD6E-38FC4B840D67}.Debug|x64.ActiveCfg = Debug|Any CPU
		{D607D98E-68ED-4ABE-AD6E-38FC4B840D67}.Debug|x64.Build.0 = Debug|Any CPU
		{D607D98E-68ED-4ABE-AD6E-38FC4B840D67}.Debug|x86.ActiveCfg = Debug|Any CPU
		{D607D98E-68ED-4ABE-AD6E-38FC4B840D67}.Debug|x86.Build.0 = Debug|Any CPU
		{D607D98E-68ED-4ABE-AD6E-38FC4B840D67}.Release|Any CPU.ActiveCfg = Release|Any CPU
		{D607D98E-68ED-4ABE-AD6E-38FC4B840D67}.Release|Any CPU.Build.0 = Release|Any CPU
		{D607D98E-68ED-4ABE-AD6E-38FC4B840D67}.Release|x64.ActiveCfg = Release|Any CPU
		{D607D98E-68ED-4ABE-AD6E-38FC4B840D67}.Release|x64.Build.0 = Release|Any CPU
		{D607D98E-68ED-4ABE-AD6E-38FC4B840D67}.Release|x86.ActiveCfg = Release|Any CPU
		{D607D98E-68ED-4ABE-AD6E-38FC4B840D67}.Release|x86.Build.0 = Release|Any CPU
		{0EA7FCB9-D701-412F-AB24-8AF9527BC36F}.Debug|Any CPU.ActiveCfg = Debug|Any CPU
		{0EA7FCB9-D701-412F-AB24-8AF9527BC36F}.Debug|Any CPU.Build.0 = Debug|Any CPU
		{0EA7FCB9-D701-412F-AB24-8AF9527BC36F}.Debug|x64.ActiveCfg = Debug|Any CPU
		{0EA7FCB9-D701-412F-AB24-8AF9527BC36F}.Debug|x64.Build.0 = Debug|Any CPU
		{0EA7FCB9-D701-412F-AB24-8AF9527BC36F}.Debug|x86.ActiveCfg = Debug|Any CPU
		{0EA7FCB9-D701-412F-AB24-8AF9527BC36F}.Debug|x86.Build.0 = Debug|Any CPU
		{0EA7FCB9-D701-412F-AB24-8AF9527BC36F}.Release|Any CPU.ActiveCfg = Release|Any CPU
		{0EA7FCB9-D701-412F-AB24-8AF9527BC36F}.Release|Any CPU.Build.0 = Release|Any CPU
		{0EA7FCB9-D701-412F-AB24-8AF9527BC36F}.Release|x64.ActiveCfg = Release|Any CPU
		{0EA7FCB9-D701-412F-AB24-8AF9527BC36F}.Release|x64.Build.0 = Release|Any CPU
		{0EA7FCB9-D701-412F-AB24-8AF9527BC36F}.Release|x86.ActiveCfg = Release|Any CPU
		{0EA7FCB9-D701-412F-AB24-8AF9527BC36F}.Release|x86.Build.0 = Release|Any CPU
		{0F9188FA-EC30-43D2-B076-D3B284A13B32}.Debug|Any CPU.ActiveCfg = Debug|Any CPU
		{0F9188FA-EC30-43D2-B076-D3B284A13B32}.Debug|Any CPU.Build.0 = Debug|Any CPU
		{0F9188FA-EC30-43D2-B076-D3B284A13B32}.Debug|x64.ActiveCfg = Debug|Any CPU
		{0F9188FA-EC30-43D2-B076-D3B284A13B32}.Debug|x64.Build.0 = Debug|Any CPU
		{0F9188FA-EC30-43D2-B076-D3B284A13B32}.Debug|x86.ActiveCfg = Debug|Any CPU
		{0F9188FA-EC30-43D2-B076-D3B284A13B32}.Debug|x86.Build.0 = Debug|Any CPU
		{0F9188FA-EC30-43D2-B076-D3B284A13B32}.Release|Any CPU.ActiveCfg = Release|Any CPU
		{0F9188FA-EC30-43D2-B076-D3B284A13B32}.Release|Any CPU.Build.0 = Release|Any CPU
		{0F9188FA-EC30-43D2-B076-D3B284A13B32}.Release|x64.ActiveCfg = Release|Any CPU
		{0F9188FA-EC30-43D2-B076-D3B284A13B32}.Release|x64.Build.0 = Release|Any CPU
		{0F9188FA-EC30-43D2-B076-D3B284A13B32}.Release|x86.ActiveCfg = Release|Any CPU
		{0F9188FA-EC30-43D2-B076-D3B284A13B32}.Release|x86.Build.0 = Release|Any CPU
		{0D0C24A4-B159-4B09-9687-A3AEA5953B3D}.Debug|Any CPU.ActiveCfg = Debug|Any CPU
		{0D0C24A4-B159-4B09-9687-A3AEA5953B3D}.Debug|Any CPU.Build.0 = Debug|Any CPU
		{0D0C24A4-B159-4B09-9687-A3AEA5953B3D}.Debug|x64.ActiveCfg = Debug|Any CPU
		{0D0C24A4-B159-4B09-9687-A3AEA5953B3D}.Debug|x64.Build.0 = Debug|Any CPU
		{0D0C24A4-B159-4B09-9687-A3AEA5953B3D}.Debug|x86.ActiveCfg = Debug|Any CPU
		{0D0C24A4-B159-4B09-9687-A3AEA5953B3D}.Debug|x86.Build.0 = Debug|Any CPU
		{0D0C24A4-B159-4B09-9687-A3AEA5953B3D}.Release|Any CPU.ActiveCfg = Release|Any CPU
		{0D0C24A4-B159-4B09-9687-A3AEA5953B3D}.Release|Any CPU.Build.0 = Release|Any CPU
		{0D0C24A4-B159-4B09-9687-A3AEA5953B3D}.Release|x64.ActiveCfg = Release|Any CPU
		{0D0C24A4-B159-4B09-9687-A3AEA5953B3D}.Release|x64.Build.0 = Release|Any CPU
		{0D0C24A4-B159-4B09-9687-A3AEA5953B3D}.Release|x86.ActiveCfg = Release|Any CPU
		{0D0C24A4-B159-4B09-9687-A3AEA5953B3D}.Release|x86.Build.0 = Release|Any CPU
	EndGlobalSection
	GlobalSection(SolutionProperties) = preSolution
		HideSolutionNode = FALSE
	EndGlobalSection
	GlobalSection(NestedProjects) = preSolution
		{D9A8659D-CD3F-4E90-B3FF-3CCAA8CDB1D7} = {827E0CD3-B72D-47B6-A68D-7590B98EB39B}
		{ED0D9B05-915E-467E-A035-06F02DC00B49} = {827E0CD3-B72D-47B6-A68D-7590B98EB39B}
		{F144635E-19A9-4AB6-9194-F1723B0B319E} = {827E0CD3-B72D-47B6-A68D-7590B98EB39B}
		{4DF95C42-A19E-40D7-828C-B174B5F56537} = {827E0CD3-B72D-47B6-A68D-7590B98EB39B}
		{E359262C-2476-47AD-A962-6E94AF8E8F69} = {827E0CD3-B72D-47B6-A68D-7590B98EB39B}
		{D607D98E-68ED-4ABE-AD6E-38FC4B840D67} = {0AB3BF05-4346-4AA6-1389-037BE0695223}
		{0EA7FCB9-D701-412F-AB24-8AF9527BC36F} = {0AB3BF05-4346-4AA6-1389-037BE0695223}
		{0F9188FA-EC30-43D2-B076-D3B284A13B32} = {0AB3BF05-4346-4AA6-1389-037BE0695223}
		{0D0C24A4-B159-4B09-9687-A3AEA5953B3D} = {0AB3BF05-4346-4AA6-1389-037BE0695223}
	EndGlobalSection
EndGlobal
